
Microsoft Visual Studio Solution File, Format Version 12.00
# Visual Studio Version 16
VisualStudioVersion = 16.0.31005.135
MinimumVisualStudioVersion = 10.0.40219.1
Project("{9A19103F-16F7-4668-BE54-9A1E7A4F7556}") = "MinMax", "MinMax\MinMax.csproj", "{D8EDC917-D735-415D-B80D-D6A59B65A4A9}"
EndProject
Project("{9A19103F-16F7-4668-BE54-9A1E7A4F7556}") = "QuadraticEquation", "QuadraticEquation\QuadraticEquation.csproj", "{4042F829-09D9-44CA-9BE1-B1DEEE4DC9A6}"
EndProject
Project("{9A19103F-16F7-4668-BE54-9A1E7A4F7556}") = "linear equation solution", "linear equation solution2\linear equation solution.csproj", "{BF9D1167-1587-490D-93EA-B05AF4A88471}"
EndProject
Project("{9A19103F-16F7-4668-BE54-9A1E7A4F7556}") = "Graphic", "Graphic\Graphic.csproj", "{C66E1D34-43E0-4B61-95C1-FF5391E98E50}"
EndProject
Project("{9A19103F-16F7-4668-BE54-9A1E7A4F7556}") = "Fibonacci numbers", "Fibonacci numbers\Fibonacci numbers.csproj", "{D716E987-26C3-41B4-B39A-02C8D69E42C1}"
EndProject
Project("{9A19103F-16F7-4668-BE54-9A1E7A4F7556}") = "sorting an array", "sorting an array\sorting an array.csproj", "{16CEB16D-5D9E-437B-8243-1E0C700967C3}"
EndProject
Project("{9A19103F-16F7-4668-BE54-9A1E7A4F7556}") = "CheckMonoton", "ConsoleApp1\CheckMonoton.csproj", "{489073C2-9B27-4832-95BD-2FCFF7F574F5}"
EndProject
Global
	GlobalSection(SolutionConfigurationPlatforms) = preSolution
		Debug|Any CPU = Debug|Any CPU
		Release|Any CPU = Release|Any CPU
	EndGlobalSection
	GlobalSection(ProjectConfigurationPlatforms) = postSolution
		{D8EDC917-D735-415D-B80D-D6A59B65A4A9}.Debug|Any CPU.ActiveCfg = Debug|Any CPU
		{D8EDC917-D735-415D-B80D-D6A59B65A4A9}.Debug|Any CPU.Build.0 = Debug|Any CPU
		{D8EDC917-D735-415D-B80D-D6A59B65A4A9}.Release|Any CPU.ActiveCfg = Release|Any CPU
		{D8EDC917-D735-415D-B80D-D6A59B65A4A9}.Release|Any CPU.Build.0 = Release|Any CPU
		{4042F829-09D9-44CA-9BE1-B1DEEE4DC9A6}.Debug|Any CPU.ActiveCfg = Debug|Any CPU
		{4042F829-09D9-44CA-9BE1-B1DEEE4DC9A6}.Debug|Any CPU.Build.0 = Debug|Any CPU
		{4042F829-09D9-44CA-9BE1-B1DEEE4DC9A6}.Release|Any CPU.ActiveCfg = Release|Any CPU
		{4042F829-09D9-44CA-9BE1-B1DEEE4DC9A6}.Release|Any CPU.Build.0 = Release|Any CPU
		{BF9D1167-1587-490D-93EA-B05AF4A88471}.Debug|Any CPU.ActiveCfg = Debug|Any CPU
		{BF9D1167-1587-490D-93EA-B05AF4A88471}.Debug|Any CPU.Build.0 = Debug|Any CPU
		{BF9D1167-1587-490D-93EA-B05AF4A88471}.Release|Any CPU.ActiveCfg = Release|Any CPU
		{BF9D1167-1587-490D-93EA-B05AF4A88471}.Release|Any CPU.Build.0 = Release|Any CPU
		{C66E1D34-43E0-4B61-95C1-FF5391E98E50}.Debug|Any CPU.ActiveCfg = Debug|Any CPU
		{C66E1D34-43E0-4B61-95C1-FF5391E98E50}.Debug|Any CPU.Build.0 = Debug|Any CPU
		{C66E1D34-43E0-4B61-95C1-FF5391E98E50}.Release|Any CPU.ActiveCfg = Release|Any CPU
		{C66E1D34-43E0-4B61-95C1-FF5391E98E50}.Release|Any CPU.Build.0 = Release|Any CPU
		{D716E987-26C3-41B4-B39A-02C8D69E42C1}.Debug|Any CPU.ActiveCfg = Debug|Any CPU
		{D716E987-26C3-41B4-B39A-02C8D69E42C1}.Debug|Any CPU.Build.0 = Debug|Any CPU
		{D716E987-26C3-41B4-B39A-02C8D69E42C1}.Release|Any CPU.ActiveCfg = Release|Any CPU
		{D716E987-26C3-41B4-B39A-02C8D69E42C1}.Release|Any CPU.Build.0 = Release|Any CPU
		{16CEB16D-5D9E-437B-8243-1E0C700967C3}.Debug|Any CPU.ActiveCfg = Debug|Any CPU
		{16CEB16D-5D9E-437B-8243-1E0C700967C3}.Debug|Any CPU.Build.0 = Debug|Any CPU
		{16CEB16D-5D9E-437B-8243-1E0C700967C3}.Release|Any CPU.ActiveCfg = Release|Any CPU
		{16CEB16D-5D9E-437B-8243-1E0C700967C3}.Release|Any CPU.Build.0 = Release|Any CPU
		{489073C2-9B27-4832-95BD-2FCFF7F574F5}.Debug|Any CPU.ActiveCfg = Debug|Any CPU
		{489073C2-9B27-4832-95BD-2FCFF7F574F5}.Debug|Any CPU.Build.0 = Debug|Any CPU
		{489073C2-9B27-4832-95BD-2FCFF7F574F5}.Release|Any CPU.ActiveCfg = Release|Any CPU
		{489073C2-9B27-4832-95BD-2FCFF7F574F5}.Release|Any CPU.Build.0 = Release|Any CPU
	EndGlobalSection
	GlobalSection(SolutionProperties) = preSolution
		HideSolutionNode = FALSE
	EndGlobalSection
	GlobalSection(ExtensibilityGlobals) = postSolution
		SolutionGuid = {F8DC2A39-2ABD-4232-A222-54391DADD7B0}
	EndGlobalSection
EndGlobal
